
Microsoft Visual Studio Solution File, Format Version 12.00
# Visual Studio Version 16
VisualStudioVersion = 16.0.29409.12
MinimumVisualStudioVersion = 10.0.40219.1
Project("{FAE04EC0-301F-11D3-BF4B-00C04F79EFBC}") = "VRTSAttackTest", "VRTSAttackTest\VRTSAttackTest.csproj", "{2A2FB769-3772-4FC8-BF64-DEFC3C6EFAAB}"
EndProject
Global
	GlobalSection(SolutionConfigurationPlatforms) = preSolution
		Debug|Any CPU = Debug|Any CPU
		Release|Any CPU = Release|Any CPU
	EndGlobalSection
	GlobalSection(ProjectConfigurationPlatforms) = postSolution
		{2A2FB769-3772-4FC8-BF64-DEFC3C6EFAAB}.Debug|Any CPU.ActiveCfg = Debug|Any CPU
		{2A2FB769-3772-4FC8-BF64-DEFC3C6EFAAB}.Debug|Any CPU.Build.0 = Debug|Any CPU
		{2A2FB769-3772-4FC8-BF64-DEFC3C6EFAAB}.Release|Any CPU.ActiveCfg = Release|Any CPU
		{2A2FB769-3772-4FC8-BF64-DEFC3C6EFAAB}.Release|Any CPU.Build.0 = Release|Any CPU
	EndGlobalSection
	GlobalSection(SolutionProperties) = preSolution
		HideSolutionNode = FALSE
	EndGlobalSection
	GlobalSection(ExtensibilityGlobals) = postSolution
		SolutionGuid = {0B5916D6-F222-4497-AA36-8BFD851F0685}
	EndGlobalSection
EndGlobal
