
Microsoft Visual Studio Solution File, Format Version 12.00
# Visual Studio Version 16
VisualStudioVersion = 16.0.29409.12
MinimumVisualStudioVersion = 10.0.40219.1
Project("{9A19103F-16F7-4668-BE54-9A1E7A4F7556}") = "VRTSAttackTest", "VRTSAttackTest\VRTSAttackTest.csproj", "{2A2FB769-3772-4FC8-BF64-DEFC3C6EFAAB}"
EndProject
Project("{FAE04EC0-301F-11D3-BF4B-00C04F79EFBC}") = "VRTS_AttackTest2", "VRTS_AttackTest2\VRTS_AttackTest2.csproj", "{8145F412-2490-4885-9C73-8C341F0B5821}"
EndProject
Project("{FAE04EC0-301F-11D3-BF4B-00C04F79EFBC}") = "NUnit_AttackTest2", "NUnit_AttackTest2\NUnit_AttackTest2.csproj", "{00FA1CAF-AE0C-4C0C-833E-65332403AD7A}"
EndProject
Global
	GlobalSection(SolutionConfigurationPlatforms) = preSolution
		Debug|Any CPU = Debug|Any CPU
		Release|Any CPU = Release|Any CPU
	EndGlobalSection
	GlobalSection(ProjectConfigurationPlatforms) = postSolution
		{2A2FB769-3772-4FC8-BF64-DEFC3C6EFAAB}.Debug|Any CPU.ActiveCfg = Debug|Any CPU
		{2A2FB769-3772-4FC8-BF64-DEFC3C6EFAAB}.Debug|Any CPU.Build.0 = Debug|Any CPU
		{2A2FB769-3772-4FC8-BF64-DEFC3C6EFAAB}.Release|Any CPU.ActiveCfg = Release|Any CPU
		{2A2FB769-3772-4FC8-BF64-DEFC3C6EFAAB}.Release|Any CPU.Build.0 = Release|Any CPU
		{8145F412-2490-4885-9C73-8C341F0B5821}.Debug|Any CPU.ActiveCfg = Debug|Any CPU
		{8145F412-2490-4885-9C73-8C341F0B5821}.Debug|Any CPU.Build.0 = Debug|Any CPU
		{8145F412-2490-4885-9C73-8C341F0B5821}.Release|Any CPU.ActiveCfg = Release|Any CPU
		{8145F412-2490-4885-9C73-8C341F0B5821}.Release|Any CPU.Build.0 = Release|Any CPU
		{00FA1CAF-AE0C-4C0C-833E-65332403AD7A}.Debug|Any CPU.ActiveCfg = Debug|Any CPU
		{00FA1CAF-AE0C-4C0C-833E-65332403AD7A}.Debug|Any CPU.Build.0 = Debug|Any CPU
		{00FA1CAF-AE0C-4C0C-833E-65332403AD7A}.Release|Any CPU.ActiveCfg = Release|Any CPU
		{00FA1CAF-AE0C-4C0C-833E-65332403AD7A}.Release|Any CPU.Build.0 = Release|Any CPU
	EndGlobalSection
	GlobalSection(SolutionProperties) = preSolution
		HideSolutionNode = FALSE
	EndGlobalSection
	GlobalSection(ExtensibilityGlobals) = postSolution
		SolutionGuid = {0B5916D6-F222-4497-AA36-8BFD851F0685}
	EndGlobalSection
EndGlobal
